
Microsoft Visual Studio Solution File, Format Version 12.00
# Visual Studio 15
VisualStudioVersion = 15.0.27130.2036
MinimumVisualStudioVersion = 10.0.40219.1
Project("{FAE04EC0-301F-11D3-BF4B-00C04F79EFBC}") = "AutoBot", "AutoBot\AutoBot.csproj", "{9EC69DD4-D1DC-420E-83F5-E50BD2646170}"
EndProject
Project("{2150E333-8FDC-42A3-9474-1A3956D46DE8}") = "StepApp", "StepApp", "{FDEC97D3-DD32-479F-AED3-CACE392AFC73}"
EndProject
Project("{FAE04EC0-301F-11D3-BF4B-00C04F79EFBC}") = "StepApp.BotExtensions", "StepApp\StepApp.BotExtensions\StepApp.BotExtensions.csproj", "{85728187-8A83-4BE0-9FF6-56836BB8355F}"
EndProject
Project("{FAE04EC0-301F-11D3-BF4B-00C04F79EFBC}") = "StepApp.CommonExtensions", "StepApp\StepApp.CommonExtensions\StepApp.CommonExtensions.csproj", "{B653653F-B3A1-489B-A6DB-A4C3E5A486BC}"
EndProject
Project("{FAE04EC0-301F-11D3-BF4B-00C04F79EFBC}") = "Model", "Model\Model.csproj", "{1ED24DB9-D981-4BFF-A711-675343600918}"
EndProject
Project("{FAE04EC0-301F-11D3-BF4B-00C04F79EFBC}") = "ShrafiBiz", "ShrafiBiz\ShrafiBiz.csproj", "{D527C4DD-1DBD-495C-A534-90748F89A376}"
EndProject
Project("{FAE04EC0-301F-11D3-BF4B-00C04F79EFBC}") = "TestConsole", "TestConsole\TestConsole.csproj", "{CB0AD029-97E0-4BC4-9047-37003022CA88}"
EndProject
Project("{FAE04EC0-301F-11D3-BF4B-00C04F79EFBC}") = "ShtrafiBLL", "ShtrafiBLL\ShtrafiBLL.csproj", "{21E84895-FE32-48DF-BE71-2AE8DB41601E}"
EndProject
Global
	GlobalSection(SolutionConfigurationPlatforms) = preSolution
		Debug|Any CPU = Debug|Any CPU
		Release|Any CPU = Release|Any CPU
	EndGlobalSection
	GlobalSection(ProjectConfigurationPlatforms) = postSolution
		{9EC69DD4-D1DC-420E-83F5-E50BD2646170}.Debug|Any CPU.ActiveCfg = Debug|Any CPU
		{9EC69DD4-D1DC-420E-83F5-E50BD2646170}.Debug|Any CPU.Build.0 = Debug|Any CPU
		{9EC69DD4-D1DC-420E-83F5-E50BD2646170}.Release|Any CPU.ActiveCfg = Release|Any CPU
		{9EC69DD4-D1DC-420E-83F5-E50BD2646170}.Release|Any CPU.Build.0 = Release|Any CPU
		{85728187-8A83-4BE0-9FF6-56836BB8355F}.Debug|Any CPU.ActiveCfg = Debug|Any CPU
		{85728187-8A83-4BE0-9FF6-56836BB8355F}.Debug|Any CPU.Build.0 = Debug|Any CPU
		{85728187-8A83-4BE0-9FF6-56836BB8355F}.Release|Any CPU.ActiveCfg = Release|Any CPU
		{85728187-8A83-4BE0-9FF6-56836BB8355F}.Release|Any CPU.Build.0 = Release|Any CPU
		{B653653F-B3A1-489B-A6DB-A4C3E5A486BC}.Debug|Any CPU.ActiveCfg = Debug|Any CPU
		{B653653F-B3A1-489B-A6DB-A4C3E5A486BC}.Debug|Any CPU.Build.0 = Debug|Any CPU
		{B653653F-B3A1-489B-A6DB-A4C3E5A486BC}.Release|Any CPU.ActiveCfg = Release|Any CPU
		{B653653F-B3A1-489B-A6DB-A4C3E5A486BC}.Release|Any CPU.Build.0 = Release|Any CPU
		{1ED24DB9-D981-4BFF-A711-675343600918}.Debug|Any CPU.ActiveCfg = Debug|Any CPU
		{1ED24DB9-D981-4BFF-A711-675343600918}.Debug|Any CPU.Build.0 = Debug|Any CPU
		{1ED24DB9-D981-4BFF-A711-675343600918}.Release|Any CPU.ActiveCfg = Release|Any CPU
		{1ED24DB9-D981-4BFF-A711-675343600918}.Release|Any CPU.Build.0 = Release|Any CPU
		{D527C4DD-1DBD-495C-A534-90748F89A376}.Debug|Any CPU.ActiveCfg = Debug|Any CPU
		{D527C4DD-1DBD-495C-A534-90748F89A376}.Debug|Any CPU.Build.0 = Debug|Any CPU
		{D527C4DD-1DBD-495C-A534-90748F89A376}.Release|Any CPU.ActiveCfg = Release|Any CPU
		{D527C4DD-1DBD-495C-A534-90748F89A376}.Release|Any CPU.Build.0 = Release|Any CPU
		{CB0AD029-97E0-4BC4-9047-37003022CA88}.Debug|Any CPU.ActiveCfg = Debug|Any CPU
		{CB0AD029-97E0-4BC4-9047-37003022CA88}.Debug|Any CPU.Build.0 = Debug|Any CPU
		{CB0AD029-97E0-4BC4-9047-37003022CA88}.Release|Any CPU.ActiveCfg = Release|Any CPU
		{CB0AD029-97E0-4BC4-9047-37003022CA88}.Release|Any CPU.Build.0 = Release|Any CPU
		{21E84895-FE32-48DF-BE71-2AE8DB41601E}.Debug|Any CPU.ActiveCfg = Debug|Any CPU
		{21E84895-FE32-48DF-BE71-2AE8DB41601E}.Debug|Any CPU.Build.0 = Debug|Any CPU
		{21E84895-FE32-48DF-BE71-2AE8DB41601E}.Release|Any CPU.ActiveCfg = Release|Any CPU
		{21E84895-FE32-48DF-BE71-2AE8DB41601E}.Release|Any CPU.Build.0 = Release|Any CPU
	EndGlobalSection
	GlobalSection(SolutionProperties) = preSolution
		HideSolutionNode = FALSE
	EndGlobalSection
	GlobalSection(NestedProjects) = preSolution
		{85728187-8A83-4BE0-9FF6-56836BB8355F} = {FDEC97D3-DD32-479F-AED3-CACE392AFC73}
		{B653653F-B3A1-489B-A6DB-A4C3E5A486BC} = {FDEC97D3-DD32-479F-AED3-CACE392AFC73}
	EndGlobalSection
	GlobalSection(ExtensibilityGlobals) = postSolution
		SolutionGuid = {F5D36952-C78A-4F12-A223-618329E729D0}
	EndGlobalSection
EndGlobal
