
Microsoft Visual Studio Solution File, Format Version 12.00
# Visual Studio 15
VisualStudioVersion = 15.0.26730.3
MinimumVisualStudioVersion = 10.0.40219.1
Project("{FAE04EC0-301F-11D3-BF4B-00C04F79EFBC}") = "AutoBot", "AutoBot\AutoBot.csproj", "{9EC69DD4-D1DC-420E-83F5-E50BD2646170}"
EndProject
Global
	GlobalSection(SolutionConfigurationPlatforms) = preSolution
		Debug|Any CPU = Debug|Any CPU
		Release|Any CPU = Release|Any CPU
	EndGlobalSection
	GlobalSection(ProjectConfigurationPlatforms) = postSolution
		{9EC69DD4-D1DC-420E-83F5-E50BD2646170}.Debug|Any CPU.ActiveCfg = Debug|Any CPU
		{9EC69DD4-D1DC-420E-83F5-E50BD2646170}.Debug|Any CPU.Build.0 = Debug|Any CPU
		{9EC69DD4-D1DC-420E-83F5-E50BD2646170}.Release|Any CPU.ActiveCfg = Release|Any CPU
		{9EC69DD4-D1DC-420E-83F5-E50BD2646170}.Release|Any CPU.Build.0 = Release|Any CPU
	EndGlobalSection
	GlobalSection(SolutionProperties) = preSolution
		HideSolutionNode = FALSE
	EndGlobalSection
	GlobalSection(ExtensibilityGlobals) = postSolution
		SolutionGuid = {F5D36952-C78A-4F12-A223-618329E729D0}
	EndGlobalSection
EndGlobal
